
Microsoft Visual Studio Solution File, Format Version 12.00
# Visual Studio Version 17
VisualStudioVersion = 17.4.33205.214
MinimumVisualStudioVersion = 10.0.40219.1
Project("{FAE04EC0-301F-11D3-BF4B-00C04F79EFBC}") = "connectdbwithcodefirstapproach", "connectdbwithcodefirstapproach\connectdbwithcodefirstapproach.csproj", "{6B32B421-C1D0-435A-82A7-318C738A3591}"
EndProject
Global
	GlobalSection(SolutionConfigurationPlatforms) = preSolution
		Debug|Any CPU = Debug|Any CPU
		Release|Any CPU = Release|Any CPU
	EndGlobalSection
	GlobalSection(ProjectConfigurationPlatforms) = postSolution
		{6B32B421-C1D0-435A-82A7-318C738A3591}.Debug|Any CPU.ActiveCfg = Debug|Any CPU
		{6B32B421-C1D0-435A-82A7-318C738A3591}.Debug|Any CPU.Build.0 = Debug|Any CPU
		{6B32B421-C1D0-435A-82A7-318C738A3591}.Release|Any CPU.ActiveCfg = Release|Any CPU
		{6B32B421-C1D0-435A-82A7-318C738A3591}.Release|Any CPU.Build.0 = Release|Any CPU
	EndGlobalSection
	GlobalSection(SolutionProperties) = preSolution
		HideSolutionNode = FALSE
	EndGlobalSection
	GlobalSection(ExtensibilityGlobals) = postSolution
		SolutionGuid = {4A2F34F2-68A4-4C1F-905B-6F584490C580}
	EndGlobalSection
EndGlobal
