
Microsoft Visual Studio Solution File, Format Version 12.00
# Visual Studio Version 17
VisualStudioVersion = 17.7.34202.233
MinimumVisualStudioVersion = 10.0.40219.1
Project("{FAE04EC0-301F-11D3-BF4B-00C04F79EFBC}") = "Day-2", "Day-2\Day-2.csproj", "{98AD240D-9C6A-46E5-9407-E650FF07984E}"
EndProject
Global
	GlobalSection(SolutionConfigurationPlatforms) = preSolution
		Debug|Any CPU = Debug|Any CPU
		Release|Any CPU = Release|Any CPU
	EndGlobalSection
	GlobalSection(ProjectConfigurationPlatforms) = postSolution
		{98AD240D-9C6A-46E5-9407-E650FF07984E}.Debug|Any CPU.ActiveCfg = Debug|Any CPU
		{98AD240D-9C6A-46E5-9407-E650FF07984E}.Debug|Any CPU.Build.0 = Debug|Any CPU
		{98AD240D-9C6A-46E5-9407-E650FF07984E}.Release|Any CPU.ActiveCfg = Release|Any CPU
		{98AD240D-9C6A-46E5-9407-E650FF07984E}.Release|Any CPU.Build.0 = Release|Any CPU
	EndGlobalSection
	GlobalSection(SolutionProperties) = preSolution
		HideSolutionNode = FALSE
	EndGlobalSection
	GlobalSection(ExtensibilityGlobals) = postSolution
		SolutionGuid = {97D2F5F2-0A06-4006-A768-EB3654DE3C07}
	EndGlobalSection
EndGlobal
