
Microsoft Visual Studio Solution File, Format Version 12.00
# Visual Studio Version 17
VisualStudioVersion = 17.7.34202.233
MinimumVisualStudioVersion = 10.0.40219.1
Project("{FAE04EC0-301F-11D3-BF4B-00C04F79EFBC}") = "Day-5", "Day-5\Day-5.csproj", "{9375A58F-3325-43C8-B939-5FAAD3C828DF}"
EndProject
Global
	GlobalSection(SolutionConfigurationPlatforms) = preSolution
		Debug|Any CPU = Debug|Any CPU
		Release|Any CPU = Release|Any CPU
	EndGlobalSection
	GlobalSection(ProjectConfigurationPlatforms) = postSolution
		{9375A58F-3325-43C8-B939-5FAAD3C828DF}.Debug|Any CPU.ActiveCfg = Debug|Any CPU
		{9375A58F-3325-43C8-B939-5FAAD3C828DF}.Debug|Any CPU.Build.0 = Debug|Any CPU
		{9375A58F-3325-43C8-B939-5FAAD3C828DF}.Release|Any CPU.ActiveCfg = Release|Any CPU
		{9375A58F-3325-43C8-B939-5FAAD3C828DF}.Release|Any CPU.Build.0 = Release|Any CPU
	EndGlobalSection
	GlobalSection(SolutionProperties) = preSolution
		HideSolutionNode = FALSE
	EndGlobalSection
	GlobalSection(ExtensibilityGlobals) = postSolution
		SolutionGuid = {E355AA7E-2581-417F-9ECE-5AA6CC3C8ED5}
	EndGlobalSection
EndGlobal
